// !$*UTF8*$!
{
	archiveVersion = 1;
	classes = {
	};
	objectVersion = 55;
	objects = {

/* Begin PBXBuildFile section */
		8D818B1E27AC50C800356CDE /* AppDelegate.swift in Sources */ = {isa = PBXBuildFile; fileRef = 8D818B1D27AC50C800356CDE /* AppDelegate.swift */; };
		8D818B2027AC50C800356CDE /* SceneDelegate.swift in Sources */ = {isa = PBXBuildFile; fileRef = 8D818B1F27AC50C800356CDE /* SceneDelegate.swift */; };
		8D818B2227AC50C800356CDE /* ViewController.swift in Sources */ = {isa = PBXBuildFile; fileRef = 8D818B2127AC50C800356CDE /* ViewController.swift */; };
		8D818B2527AC50C800356CDE /* Main.storyboard in Resources */ = {isa = PBXBuildFile; fileRef = 8D818B2327AC50C800356CDE /* Main.storyboard */; };
		8D818B2727AC50CE00356CDE /* Assets.xcassets in Resources */ = {isa = PBXBuildFile; fileRef = 8D818B2627AC50CE00356CDE /* Assets.xcassets */; };
		8D818B2A27AC50CE00356CDE /* LaunchScreen.storyboard in Resources */ = {isa = PBXBuildFile; fileRef = 8D818B2827AC50CE00356CDE /* LaunchScreen.storyboard */; };
		8D818B3227AC514100356CDE /* WordleKeyboard.swift in Sources */ = {isa = PBXBuildFile; fileRef = 8D818B3127AC514100356CDE /* WordleKeyboard.swift */; };
		8D818B3427AC525B00356CDE /* KeyboardButton.swift in Sources */ = {isa = PBXBuildFile; fileRef = 8D818B3327AC525B00356CDE /* KeyboardButton.swift */; };
		8D818B3627AC537400356CDE /* WordleKeyboardObserver.swift in Sources */ = {isa = PBXBuildFile; fileRef = 8D818B3527AC537400356CDE /* WordleKeyboardObserver.swift */; };
		8D818B3827AC541600356CDE /* WordleTextField.swift in Sources */ = {isa = PBXBuildFile; fileRef = 8D818B3727AC541600356CDE /* WordleTextField.swift */; };
/* End PBXBuildFile section */

/* Begin PBXFileReference section */
		8D818B1A27AC50C800356CDE /* customKeyboard.app */ = {isa = PBXFileReference; explicitFileType = wrapper.application; includeInIndex = 0; path = customKeyboard.app; sourceTree = BUILT_PRODUCTS_DIR; };
		8D818B1D27AC50C800356CDE /* AppDelegate.swift */ = {isa = PBXFileReference; lastKnownFileType = sourcecode.swift; path = AppDelegate.swift; sourceTree = "<group>"; };
		8D818B1F27AC50C800356CDE /* SceneDelegate.swift */ = {isa = PBXFileReference; lastKnownFileType = sourcecode.swift; path = SceneDelegate.swift; sourceTree = "<group>"; };
		8D818B2127AC50C800356CDE /* ViewController.swift */ = {isa = PBXFileReference; lastKnownFileType = sourcecode.swift; path = ViewController.swift; sourceTree = "<group>"; };
		8D818B2427AC50C800356CDE /* Base */ = {isa = PBXFileReference; lastKnownFileType = file.storyboard; name = Base; path = Base.lproj/Main.storyboard; sourceTree = "<group>"; };
		8D818B2627AC50CE00356CDE /* Assets.xcassets */ = {isa = PBXFileReference; lastKnownFileType = folder.assetcatalog; path = Assets.xcassets; sourceTree = "<group>"; };
		8D818B2927AC50CE00356CDE /* Base */ = {isa = PBXFileReference; lastKnownFileType = file.storyboard; name = Base; path = Base.lproj/LaunchScreen.storyboard; sourceTree = "<group>"; };
		8D818B2B27AC50CE00356CDE /* Info.plist */ = {isa = PBXFileReference; lastKnownFileType = text.plist.xml; path = Info.plist; sourceTree = "<group>"; };
		8D818B3127AC514100356CDE /* WordleKeyboard.swift */ = {isa = PBXFileReference; lastKnownFileType = sourcecode.swift; path = WordleKeyboard.swift; sourceTree = "<group>"; };
		8D818B3327AC525B00356CDE /* KeyboardButton.swift */ = {isa = PBXFileReference; lastKnownFileType = sourcecode.swift; path = KeyboardButton.swift; sourceTree = "<group>"; };
		8D818B3527AC537400356CDE /* WordleKeyboardObserver.swift */ = {isa = PBXFileReference; lastKnownFileType = sourcecode.swift; path = WordleKeyboardObserver.swift; sourceTree = "<group>"; };
		8D818B3727AC541600356CDE /* WordleTextField.swift */ = {isa = PBXFileReference; lastKnownFileType = sourcecode.swift; path = WordleTextField.swift; sourceTree = "<group>"; };
/* End PBXFileReference section */

/* Begin PBXFrameworksBuildPhase section */
		8D818B1727AC50C800356CDE /* Frameworks */ = {
			isa = PBXFrameworksBuildPhase;
			buildActionMask = 2147483647;
			files = (
			);
			runOnlyForDeploymentPostprocessing = 0;
		};
/* End PBXFrameworksBuildPhase section */

/* Begin PBXGroup section */
		8D818B1127AC50C800356CDE = {
			isa = PBXGroup;
			children = (
				8D818B1C27AC50C800356CDE /* customKeyboard */,
				8D818B1B27AC50C800356CDE /* Products */,
			);
			sourceTree = "<group>";
		};
		8D818B1B27AC50C800356CDE /* Products */ = {
			isa = PBXGroup;
			children = (
				8D818B1A27AC50C800356CDE /* customKeyboard.app */,
			);
			name = Products;
			sourceTree = "<group>";
		};
		8D818B1C27AC50C800356CDE /* customKeyboard */ = {
			isa = PBXGroup;
			children = (
				8D818B1D27AC50C800356CDE /* AppDelegate.swift */,
				8D818B1F27AC50C800356CDE /* SceneDelegate.swift */,
				8D818B2127AC50C800356CDE /* ViewController.swift */,
				8D818B3527AC537400356CDE /* WordleKeyboardObserver.swift */,
				8D818B2327AC50C800356CDE /* Main.storyboard */,
				8D818B2627AC50CE00356CDE /* Assets.xcassets */,
				8D818B2827AC50CE00356CDE /* LaunchScreen.storyboard */,
				8D818B2B27AC50CE00356CDE /* Info.plist */,
				8D818B3127AC514100356CDE /* WordleKeyboard.swift */,
				8D818B3727AC541600356CDE /* WordleTextField.swift */,
				8D818B3327AC525B00356CDE /* KeyboardButton.swift */,
			);
			path = customKeyboard;
			sourceTree = "<group>";
		};
/* End PBXGroup section */

/* Begin PBXNativeTarget section */
		8D818B1927AC50C800356CDE /* customKeyboard */ = {
			isa = PBXNativeTarget;
			buildConfigurationList = 8D818B2E27AC50CE00356CDE /* Build configuration list for PBXNativeTarget "customKeyboard" */;
			buildPhases = (
				8D818B1627AC50C800356CDE /* Sources */,
				8D818B1727AC50C800356CDE /* Frameworks */,
				8D818B1827AC50C800356CDE /* Resources */,
			);
			buildRules = (
			);
			dependencies = (
			);
			name = customKeyboard;
			productName = customKeyboard;
			productReference = 8D818B1A27AC50C800356CDE /* customKeyboard.app */;
			productType = "com.apple.product-type.application";
		};
/* End PBXNativeTarget section */

/* Begin PBXProject section */
		8D818B1227AC50C800356CDE /* Project object */ = {
			isa = PBXProject;
			attributes = {
				BuildIndependentTargetsInParallel = 1;
				LastSwiftUpdateCheck = 1310;
				LastUpgradeCheck = 1310;
				TargetAttributes = {
					8D818B1927AC50C800356CDE = {
						CreatedOnToolsVersion = 13.1;
					};
				};
			};
			buildConfigurationList = 8D818B1527AC50C800356CDE /* Build configuration list for PBXProject "customKeyboard" */;
			compatibilityVersion = "Xcode 13.0";
			developmentRegion = en;
			hasScannedForEncodings = 0;
			knownRegions = (
				en,
				Base,
			);
			mainGroup = 8D818B1127AC50C800356CDE;
			productRefGroup = 8D818B1B27AC50C800356CDE /* Products */;
			projectDirPath = "";
			projectRoot = "";
			targets = (
				8D818B1927AC50C800356CDE /* customKeyboard */,
			);
		};
/* End PBXProject section */

/* Begin PBXResourcesBuildPhase section */
		8D818B1827AC50C800356CDE /* Resources */ = {
			isa = PBXResourcesBuildPhase;
			buildActionMask = 2147483647;
			files = (
				8D818B2A27AC50CE00356CDE /* LaunchScreen.storyboard in Resources */,
				8D818B2727AC50CE00356CDE /* Assets.xcassets in Resources */,
				8D818B2527AC50C800356CDE /* Main.storyboard in Resources */,
			);
			runOnlyForDeploymentPostprocessing = 0;
		};
/* End PBXResourcesBuildPhase section */

/* Begin PBXSourcesBuildPhase section */
		8D818B1627AC50C800356CDE /* Sources */ = {
			isa = PBXSourcesBuildPhase;
			buildActionMask = 2147483647;
			files = (
				8D818B3427AC525B00356CDE /* KeyboardButton.swift in Sources */,
				8D818B3627AC537400356CDE /* WordleKeyboardObserver.swift in Sources */,
				8D818B2227AC50C800356CDE /* ViewController.swift in Sources */,
				8D818B3227AC514100356CDE /* WordleKeyboard.swift in Sources */,
				8D818B1E27AC50C800356CDE /* AppDelegate.swift in Sources */,
				8D818B3827AC541600356CDE /* WordleTextField.swift in Sources */,
				8D818B2027AC50C800356CDE /* SceneDelegate.swift in Sources */,
			);
			runOnlyForDeploymentPostprocessing = 0;
		};
/* End PBXSourcesBuildPhase section */

/* Begin PBXVariantGroup section */
		8D818B2327AC50C800356CDE /* Main.storyboard */ = {
			isa = PBXVariantGroup;
			children = (
				8D818B2427AC50C800356CDE /* Base */,
			);
			name = Main.storyboard;
			sourceTree = "<group>";
		};
		8D818B2827AC50CE00356CDE /* LaunchScreen.storyboard */ = {
			isa = PBXVariantGroup;
			children = (
				8D818B2927AC50CE00356CDE /* Base */,
			);
			name = LaunchScreen.storyboard;
			sourceTree = "<group>";
		};
/* End PBXVariantGroup section */

/* Begin XCBuildConfiguration section */
		8D818B2C27AC50CE00356CDE /* Debug */ = {
			isa = XCBuildConfiguration;
			buildSettings = {
				ALWAYS_SEARCH_USER_PATHS = NO;
				CLANG_ANALYZER_NONNULL = YES;
				CLANG_ANALYZER_NUMBER_OBJECT_CONVERSION = YES_AGGRESSIVE;
				CLANG_CXX_LANGUAGE_STANDARD = "gnu++17";
				CLANG_CXX_LIBRARY = "libc++";
				CLANG_ENABLE_MODULES = YES;
				CLANG_ENABLE_OBJC_ARC = YES;
				CLANG_ENABLE_OBJC_WEAK = YES;
				CLANG_WARN_BLOCK_CAPTURE_AUTORELEASING = YES;
				CLANG_WARN_BOOL_CONVERSION = YES;
				CLANG_WARN_COMMA = YES;
				CLANG_WARN_CONSTANT_CONVERSION = YES;
				CLANG_WARN_DEPRECATED_OBJC_IMPLEMENTATIONS = YES;
				CLANG_WARN_DIRECT_OBJC_ISA_USAGE = YES_ERROR;
				CLANG_WARN_DOCUMENTATION_COMMENTS = YES;
				CLANG_WARN_EMPTY_BODY = YES;
				CLANG_WARN_ENUM_CONVERSION = YES;
				CLANG_WARN_INFINITE_RECURSION = YES;
				CLANG_WARN_INT_CONVERSION = YES;
				CLANG_WARN_NON_LITERAL_NULL_CONVERSION = YES;
				CLANG_WARN_OBJC_IMPLICIT_RETAIN_SELF = YES;
				CLANG_WARN_OBJC_LITERAL_CONVERSION = YES;
				CLANG_WARN_OBJC_ROOT_CLASS = YES_ERROR;
				CLANG_WARN_QUOTED_INCLUDE_IN_FRAMEWORK_HEADER = YES;
				CLANG_WARN_RANGE_LOOP_ANALYSIS = YES;
				CLANG_WARN_STRICT_PROTOTYPES = YES;
				CLANG_WARN_SUSPICIOUS_MOVE = YES;
				CLANG_WARN_UNGUARDED_AVAILABILITY = YES_AGGRESSIVE;
				CLANG_WARN_UNREACHABLE_CODE = YES;
				CLANG_WARN__DUPLICATE_METHOD_MATCH = YES;
				COPY_PHASE_STRIP = NO;
				DEBUG_INFORMATION_FORMAT = dwarf;
				ENABLE_STRICT_OBJC_MSGSEND = YES;
				ENABLE_TESTABILITY = YES;
				GCC_C_LANGUAGE_STANDARD = gnu11;
				GCC_DYNAMIC_NO_PIC = NO;
				GCC_NO_COMMON_BLOCKS = YES;
				GCC_OPTIMIZATION_LEVEL = 0;
				GCC_PREPROCESSOR_DEFINITIONS = (
					"DEBUG=1",
					"$(inherited)",
				);
				GCC_WARN_64_TO_32_BIT_CONVERSION = YES;
				GCC_WARN_ABOUT_RETURN_TYPE = YES_ERROR;
				GCC_WARN_UNDECLARED_SELECTOR = YES;
				GCC_WARN_UNINITIALIZED_AUTOS = YES_AGGRESSIVE;
				GCC_WARN_UNUSED_FUNCTION = YES;
				GCC_WARN_UNUSED_VARIABLE = YES;
				IPHONEOS_DEPLOYMENT_TARGET = 15.0;
				MTL_ENABLE_DEBUG_INFO = INCLUDE_SOURCE;
				MTL_FAST_MATH = YES;
				ONLY_ACTIVE_ARCH = YES;
				SDKROOT = iphoneos;
				SWIFT_ACTIVE_COMPILATION_CONDITIONS = DEBUG;
				SWIFT_OPTIMIZATION_LEVEL = "-Onone";
			};
			name = Debug;
		};
		8D818B2D27AC50CE00356CDE /* Release */ = {
			isa = XCBuildConfiguration;
			buildSettings = {
				ALWAYS_SEARCH_USER_PATHS = NO;
				CLANG_ANALYZER_NONNULL = YES;
				CLANG_ANALYZER_NUMBER_OBJECT_CONVERSION = YES_AGGRESSIVE;
				CLANG_CXX_LANGUAGE_STANDARD = "gnu++17";
				CLANG_CXX_LIBRARY = "libc++";
				CLANG_ENABLE_MODULES = YES;
				CLANG_ENABLE_OBJC_ARC = YES;
				CLANG_ENABLE_OBJC_WEAK = YES;
				CLANG_WARN_BLOCK_CAPTURE_AUTORELEASING = YES;
				CLANG_WARN_BOOL_CONVERSION = YES;
				CLANG_WARN_COMMA = YES;
				CLANG_WARN_CONSTANT_CONVERSION = YES;
				CLANG_WARN_DEPRECATED_OBJC_IMPLEMENTATIONS = YES;
				CLANG_WARN_DIRECT_OBJC_ISA_USAGE = YES_ERROR;
				CLANG_WARN_DOCUMENTATION_COMMENTS = YES;
				CLANG_WARN_EMPTY_BODY = YES;
				CLANG_WARN_ENUM_CONVERSION = YES;
				CLANG_WARN_INFINITE_RECURSION = YES;
				CLANG_WARN_INT_CONVERSION = YES;
				CLANG_WARN_NON_LITERAL_NULL_CONVERSION = YES;
				CLANG_WARN_OBJC_IMPLICIT_RETAIN_SELF = YES;
				CLANG_WARN_OBJC_LITERAL_CONVERSION = YES;
				CLANG_WARN_OBJC_ROOT_CLASS = YES_ERROR;
				CLANG_WARN_QUOTED_INCLUDE_IN_FRAMEWORK_HEADER = YES;
				CLANG_WARN_RANGE_LOOP_ANALYSIS = YES;
				CLANG_WARN_STRICT_PROTOTYPES = YES;
				CLANG_WARN_SUSPICIOUS_MOVE = YES;
				CLANG_WARN_UNGUARDED_AVAILABILITY = YES_AGGRESSIVE;
				CLANG_WARN_UNREACHABLE_CODE = YES;
				CLANG_WARN__DUPLICATE_METHOD_MATCH = YES;
				COPY_PHASE_STRIP = NO;
				DEBUG_INFORMATION_FORMAT = "dwarf-with-dsym";
				ENABLE_NS_ASSERTIONS = NO;
				ENABLE_STRICT_OBJC_MSGSEND = YES;
				GCC_C_LANGUAGE_STANDARD = gnu11;
				GCC_NO_COMMON_BLOCKS = YES;
				GCC_WARN_64_TO_32_BIT_CONVERSION = YES;
				GCC_WARN_ABOUT_RETURN_TYPE = YES_ERROR;
				GCC_WARN_UNDECLARED_SELECTOR = YES;
				GCC_WARN_UNINITIALIZED_AUTOS = YES_AGGRESSIVE;
				GCC_WARN_UNUSED_FUNCTION = YES;
				GCC_WARN_UNUSED_VARIABLE = YES;
				IPHONEOS_DEPLOYMENT_TARGET = 15.0;
				MTL_ENABLE_DEBUG_INFO = NO;
				MTL_FAST_MATH = YES;
				SDKROOT = iphoneos;
				SWIFT_COMPILATION_MODE = wholemodule;
				SWIFT_OPTIMIZATION_LEVEL = "-O";
				VALIDATE_PRODUCT = YES;
			};
			name = Release;
		};
		8D818B2F27AC50CE00356CDE /* Debug */ = {
			isa = XCBuildConfiguration;
			buildSettings = {
				ASSETCATALOG_COMPILER_APPICON_NAME = AppIcon;
				ASSETCATALOG_COMPILER_GLOBAL_ACCENT_COLOR_NAME = AccentColor;
				CODE_SIGN_STYLE = Automatic;
				CURRENT_PROJECT_VERSION = 1;
				GENERATE_INFOPLIST_FILE = YES;
				INFOPLIST_FILE = customKeyboard/Info.plist;
				INFOPLIST_KEY_UIApplicationSupportsIndirectInputEvents = YES;
				INFOPLIST_KEY_UILaunchStoryboardName = LaunchScreen;
				INFOPLIST_KEY_UIMainStoryboardFile = Main;
				INFOPLIST_KEY_UISupportedInterfaceOrientations_iPad = "UIInterfaceOrientationPortrait UIInterfaceOrientationPortraitUpsideDown UIInterfaceOrientationLandscapeLeft UIInterfaceOrientationLandscapeRight";
				INFOPLIST_KEY_UISupportedInterfaceOrientations_iPhone = "UIInterfaceOrientationPortrait UIInterfaceOrientationLandscapeLeft UIInterfaceOrientationLandscapeRight";
				LD_RUNPATH_SEARCH_PATHS = (
					"$(inherited)",
					"@executable_path/Frameworks",
				);
				MARKETING_VERSION = 1.0;
				PRODUCT_BUNDLE_IDENTIFIER = com.zahraSK.customKeyboard;
				PRODUCT_NAME = "$(TARGET_NAME)";
				SWIFT_EMIT_LOC_STRINGS = YES;
				SWIFT_VERSION = 5.0;
				TARGETED_DEVICE_FAMILY = "1,2";
			};
			name = Debug;
		};
		8D818B3027AC50CE00356CDE /* Release */ = {
			isa = XCBuildConfiguration;
			buildSettings = {
				ASSETCATALOG_COMPILER_APPICON_NAME = AppIcon;
				ASSETCATALOG_COMPILER_GLOBAL_ACCENT_COLOR_NAME = AccentColor;
				CODE_SIGN_STYLE = Automatic;
				CURRENT_PROJECT_VERSION = 1;
				GENERATE_INFOPLIST_FILE = YES;
				INFOPLIST_FILE = customKeyboard/Info.plist;
				INFOPLIST_KEY_UIApplicationSupportsIndirectInputEvents = YES;
				INFOPLIST_KEY_UILaunchStoryboardName = LaunchScreen;
				INFOPLIST_KEY_UIMainStoryboardFile = Main;
				INFOPLIST_KEY_UISupportedInterfaceOrientations_iPad = "UIInterfaceOrientationPortrait UIInterfaceOrientationPortraitUpsideDown UIInterfaceOrientationLandscapeLeft UIInterfaceOrientationLandscapeRight";
				INFOPLIST_KEY_UISupportedInterfaceOrientations_iPhone = "UIInterfaceOrientationPortrait UIInterfaceOrientationLandscapeLeft UIInterfaceOrientationLandscapeRight";
				LD_RUNPATH_SEARCH_PATHS = (
					"$(inherited)",
					"@executable_path/Frameworks",
				);
				MARKETING_VERSION = 1.0;
				PRODUCT_BUNDLE_IDENTIFIER = com.zahraSK.customKeyboard;
				PRODUCT_NAME = "$(TARGET_NAME)";
				SWIFT_EMIT_LOC_STRINGS = YES;
				SWIFT_VERSION = 5.0;
				TARGETED_DEVICE_FAMILY = "1,2";
			};
			name = Release;
		};
/* End XCBuildConfiguration section */

/* Begin XCConfigurationList section */
		8D818B1527AC50C800356CDE /* Build configuration list for PBXProject "customKeyboard" */ = {
			isa = XCConfigurationList;
			buildConfigurations = (
				8D818B2C27AC50CE00356CDE /* Debug */,
				8D818B2D27AC50CE00356CDE /* Release */,
			);
			defaultConfigurationIsVisible = 0;
			defaultConfigurationName = Release;
		};
		8D818B2E27AC50CE00356CDE /* Build configuration list for PBXNativeTarget "customKeyboard" */ = {
			isa = XCConfigurationList;
			buildConfigurations = (
				8D818B2F27AC50CE00356CDE /* Debug */,
				8D818B3027AC50CE00356CDE /* Release */,
			);
			defaultConfigurationIsVisible = 0;
			defaultConfigurationName = Release;
		};
/* End XCConfigurationList section */
	};
	rootObject = 8D818B1227AC50C800356CDE /* Project object */;
}
